filippo.io/edwards25519 v1.2.0 h1:crnVqOiS4jqYleHd9vaKZ+HKtHfllngJIiOpNpoJsjo=
filippo.io/edwards25519 v1.2.0/go.mod h1:xzAOLCNug/yB62zG1bQ8uziwrIqIuxhctzJT18Q77mc=
github.com/cespare/xxhash/v2 v2.3.0 h1:UL815xU9SqsFlibzuggzjXhog7bL6oX9BbNZnL2UFvs=
github.com/cespare/xxhash/v2 v2.3.0/go.mod h1:VGX0DQ3Q6kWi7AoAeZDth3/j3BFtOZR5XLFGgcrjCOs=
github.com/davecgh/go-spew v1.1.2-0.20180830191138-d8f796af33cc h1:U9qPSI2PIWSS1VwoXQT9A3Wy9MM3WgvqSxFWenqJduM=
github.com/davecgh/go-spew v1.1.2-0.20180830191138-d8f796af33cc/go.mod h1:J7Y8YcW2NihsgmVo/mv3lAwl/skON4iLHjSsI+c5H38=
github.com/dchest/siphash v1.2.3 h1:QXwFc8cFOR2dSa/gE6o/HokBMWtLUaNDVd+22aKHeEA=
github.com/dchest/siphash v1.2.3/go.mod h1:0NvQU092bT0ipiFN++/rXm69QG9tVxLAlQHIXMPAkHc=
github.com/go-i2p/common v0.1.59 h1:cQnbhlCqgLnRNA7aCdYrl/8EpvWVdc1ua53kvHmNbTc=
github.com/go-i2p/common v0.1.59/go.mod h1:86pk779Mvn3CKt7hkfZUcWXgDPKexAy08SY74K6Vuag=
github.com/go-i2p/common v0.1.60000-0.20260630222658-15751a11a45e h1:zWAdCpIExAhxpQJRGGpJxNKMZQ6c8AH4/x26quQF5sQ=
github.com/go-i2p/common v0.1.60000-0.20260630222658-15751a11a45e/go.mod h1:l3AIEyt1uEr70VYoIiTQh0QnMCVcbGE5pJ0emkwIh6s=
github.com/go-i2p/crypto v0.1.59 h1:YnO3+4pqz63S4C8JGinINEd4lXc5FJZ5fn5QYYCBLV8=
github.com/go-i2p/crypto v0.1.59/go.mod h1:MQOMwC3uwW53no8TVgbOkdgdr7K6IRmwA2ObOgKUi+g=
github.com/go-i2p/crypto v0.1.60000-0.20260630222545-de94e58f0e78 h1:SExHdmQ1w/J0Uuk9ll70fBv8XcpBI1mUuIxsnEpwmas=
github.com/go-i2p/crypto v0.1.60000-0.20260630222545-de94e58f0e78/go.mod h1:VdrVcyf8Rbt9zyixqIsU6yKz3mqtkyiFy5scpibKT1Q=
github.com/go-i2p/elgamal v0.1.62 h1:ZF5a9vcCz7+ov4j+wibTnKizrJ+rWE2JMAb/Q5MNp74=
github.com/go-i2p/elgamal v0.1.62/go.mod h1:doBqsiGCnCL7TzgKr+mJnfodAD7i5wEWMpap0qgKsAw=
github.com/go-i2p/elgamal v0.1.59999 h1:zK/PL82556guw9OTwIUeyEXtrekLqFEfur4T/7ELpvk=
github.com/go-i2p/elgamal v0.1.59999/go.mod h1:doBqsiGCnCL7TzgKr+mJnfodAD7i5wEWMpap0qgKsAw=
github.com/go-i2p/go-nat-listener v0.1.62 h1:zdk8blH5yXydYlppq6NX/y0H803B3iJkcMp1nNebGiM=
github.com/go-i2p/go-nat-listener v0.1.62/go.mod h1:grAvt54cQEIfhOH4xwTGSWHgXtUyf0co9HlWDccj64E=
github.com/go-i2p/go-noise v0.1.57-0.20260606221722-3782ee7a1cc8 h1:JREFVuF5NkBWJqMxkmgZtmKF8M4hHJjTufrND+Oyn2A=
github.com/go-i2p/go-noise v0.1.57-0.20260606221722-3782ee7a1cc8/go.mod h1:NWrKDjXKwMMU0gtSnHYEHPvDpSoK+9Zffsc4D2rD480=
github.com/go-i2p/go-noise v0.1.58 h1:4KhiSDj3qpIbdUV5UAGd8yThK9AeFoJGtr779pH26ws=
github.com/go-i2p/go-noise v0.1.58/go.mod h1:5tUGZuW7Ln3B9pGoC2/Jzh8S0hx5O94iGClIFuB0S9w=
github.com/go-i2p/go-noise v0.1.59 h1:aq8umah3K0YFL6JQeUF5+VQJsMYg82qkiojy07gfDE4=
github.com/go-i2p/go-noise v0.1.59/go.mod h1:ixgm9eXBisJWkyCPryqL4e0Is6gi6o9j+LJr1tDHqTo=
github.com/go-i2p/go-noise v0.1.59999 h1:VWHlUNeQ7r1iTkP4FVNnXtko1VAqjpmM7Vw8ilaylhE=
github.com/go-i2p/go-noise v0.1.59999/go.mod h1:KORJHx+6h7Czf/W6xQFUtEu5u33CyBMLsHsak+Pz6gk=
github.com/go-i2p/go-noise v0.1.60000-0.20260701023741-378fb24ce3e7 h1:88HS2ePNlAZO0N9JFXdREdwCoVHULmL0b1NAOKO7zDA=
github.com/go-i2p/go-noise v0.1.60000-0.20260701023741-378fb24ce3e7/go.mod h1:PGimHiRxpOtz2m4HvM1xWlbPaWY7rEOZk+gprxvJ/S0=
github.com/go-i2p/noise v0.1.62 h1:kpgtO5Y2vICxAvWq0zFpGZRwrmQf4xsTYiLV+/8UbpM=
github.com/go-i2p/noise v0.1.62/go.mod h1:/79lUu1iKd1yW+zqLI7QjY2MUpsGkGStKM7XVDxPeEc=
github.com/go-i2p/noise v1.1.1-0.20260327201800-8e41bb3d9f1e h1:RUdNl2UXCZAGYaEHlthIpyvnjgq4kTI5adRxGpXV7FM=
github.com/go-i2p/noise v1.1.1-0.20260327201800-8e41bb3d9f1e/go.mod h1:/tnXnzZXdjSLxU5lKMCKDDFKi9WUcsd7llNBSvyynJo=
github.com/go-i2p/noise v1.1.1-0.20260612013029-6d1ef3427561 h1:ygcYOpsJO6hvWjEzv4e4lPHvUqQ7d38syI4ar2cMWLU=
github.com/go-i2p/noise v1.1.1-0.20260612013029-6d1ef3427561/go.mod h1:/79lUu1iKd1yW+zqLI7QjY2MUpsGkGStKM7XVDxPeEc=
github.com/go-i2p/path v0.1.57 h1:TcXZV2Lfn0sc8yYSxqGvvzrPIgiZWajAT4znJeH348M=
github.com/go-i2p/path v0.1.57/go.mod h1:Xto4mMgmWZ4nKgH5fOpgZi2FflwZqzagwYGHeJgg38k=
github.com/go-i2p/path v0.1.59 h1:SiFEtC8XUwA+Qw+FGcSpTKeCUVg9OVuf6sGwQLNWrLI=
github.com/go-i2p/path v0.1.59/go.mod h1:KI1bhqXmkE2lbHyqpO8Fh5uX8nXFCVwfrjLnCFnH6LE=
github.com/go-i2p/path v0.1.60000-0.20260701024803-f84897415fbe h1:o/bmdpAK8bWAISiy1/DGvG+S3LdBT1ypfwaLGFTqr6Y=
github.com/go-i2p/path v0.1.60000-0.20260701024803-f84897415fbe/go.mod h1:WMl3be0LaLeO8mZI69WOsDy4QiBI3Mx2LNHfsQVGgKI=
github.com/go-i2p/pool v0.1.60000-0.20260701024803-1cb9658f5256 h1:3l3qCPAY9J0E+ChrKXgkx/auNkjdtjvSRyFjMxRkvQM=
github.com/go-i2p/pool v0.1.60000-0.20260701024803-1cb9658f5256/go.mod h1:6cRjIXOXVIyPUMyydwYE7yEhpv0vd0jzG0kh/CkA5qQ=
github.com/go-i2p/red25519 v0.0.0-20260302212615-1093a31f680d h1:a7DHsr9SOEjybZVtH3e0kJpXy40mZb1V+dGm9tptOl8=
github.com/go-i2p/red25519 v0.0.0-20260302212615-1093a31f680d/go.mod h1:6bX00E8eUkSstzG2c8L4MIuL6pX5VCYjcWjBVOMXk0M=
github.com/go-i2p/su3 v0.1.599 h1:Yr2bOJD6rF/gD3W3BKA8384PoRKZBKF70bpN3zNf6Y4=
github.com/go-i2p/su3 v0.1.599/go.mod h1:a/6yEQbAvFznG9X3a5jsdqIjulQyxdW+r2nQN0u4WG4=
github.com/go-i2p/su3 v0.1.60000-0.20260701023342-822c65cd244a h1:A7+ffW9s3X5Fo8wQ7YqTjU2fH+yisiKCzPEaIaW3Buo=
github.com/go-i2p/su3 v0.1.60000-0.20260701023342-822c65cd244a/go.mod h1:p5soUTnuC+sALD3A/ao8z+DoEJw7onqMZy8OFQoTsx4=
github.com/huin/goupnp v1.3.0 h1:UvLUlWDNpoUdYzb2TCn+MuTWtcjXKSza2n6CBdQ0xXc=
github.com/huin/goupnp v1.3.0/go.mod h1:gnGPsThkYa7bFi/KWmEysQRf48l2dvR5bxr2OFckNX8=
github.com/jackpal/go-nat-pmp v1.0.2 h1:KzKSgb7qkJvOUTqYl9/Hg/me3pWgBmERKrTGD7BdWus=
github.com/jackpal/go-nat-pmp v1.0.2/go.mod h1:QPH045xvCAeXUZOxsnwmrtiCoxIr9eob+4orBN1SBKc=
github.com/oklog/ulid/v2 v2.1.1 h1:suPZ4ARWLOJLegGFiZZ1dFAkqzhMjL3J1TzI+5wHz8s=
github.com/oklog/ulid/v2 v2.1.1/go.mod h1:rcEKHmBBKfef9DhnvX7y1HZBYxjXb0cP5ExxNsTT1QQ=
github.com/pborman/getopt v0.0.0-20170112200414-7148bc3a4c30/go.mod h1:85jBQOZwpVEaDAr341tbn15RS4fCAsIst0qp7i8ex1o=
github.com/pmezard/go-difflib v1.0.1-0.20181226105442-5d4384ee4fb2 h1:Jamvg5psRIccs7FGNTlIRMkT8wgtp5eCXdBlqhYGL6U=
github.com/pmezard/go-difflib v1.0.1-0.20181226105442-5d4384ee4fb2/go.mod h1:iKH77koFhYxTK1pcRnkKkqfTogsbg7gZNVY4sRDYZ/4=
github.com/samber/lo v1.53.0 h1:t975lj2py4kJPQ6haz1QMgtId2gtmfktACxIXArw3HM=
github.com/samber/lo v1.53.0/go.mod h1:4+MXEGsJzbKGaUEQFKBq2xtfuznW9oz/WrgyzMzRoM0=
github.com/samber/oops v1.22.0 h1:fmWRC3YRUXFzpZ9Vs4nuckrsnCHv1cFV/bEm00Wvm0Y=
github.com/samber/oops v1.22.0/go.mod h1:8ZDRxwQdphVhmLtEX9I6134LHJe5yeCV8cTfHz3m91Y=
github.com/sirupsen/logrus v1.9.4 h1:TsZE7l11zFCLZnZ+teH4Umoq5BhEIfIzfRDZ1Uzql2w=
github.com/sirupsen/logrus v1.9.4/go.mod h1:ftWc9WdOfJ0a92nsE2jF5u5ZwH8Bv2zdeOC42RjbV2g=
github.com/stretchr/testify v1.11.1 h1:7s2iGBzp5EwR7/aIZr8ao5+dra3wiQyKjjFuvgVKu7U=
github.com/stretchr/testify v1.11.1/go.mod h1:wZwfW3scLgRK+23gO65QZefKpKQRnfz6sD981Nm4B6U=
go.opentelemetry.io/otel v1.44.0 h1:JjwHmHpA4iZ3wBxluu2fbbE7j4kqlE8jXyAyPXH7HqU=
go.opentelemetry.io/otel v1.44.0/go.mod h1:BMgjTHL9WPRlRjL2oZCBTL4whCGtXch2H4BhOPIAyYc=
go.opentelemetry.io/otel/trace v1.44.0 h1:jxF5CsGYCe74MCRx2X4g7WsY/VBKRqqpNvXlX/6gtIk=
go.opentelemetry.io/otel/trace v1.44.0/go.mod h1:oLl1jrMQAVo6v3GAggN+1VH9VIz9iUSvW53sW1Q8PIE=
go.step.sm/crypto v0.84.1 h1:i0JNkcLT7LcXef00TNpckjoTTH0QP6REHcAvnY3qrNY=
go.step.sm/crypto v0.84.1/go.mod h1:T54MIdw42uZnz3+mjOIOpJbsbTZF+O3IOLhvU9lBoJk=
golang.org/x/crypto v0.53.0 h1:QZ4Muo8THX6CizN2vPPd5fBGHyogrdK9fG4wLPFUsto=
golang.org/x/crypto v0.53.0/go.mod h1:DNLU434OwVakk9PzuwV8w62mAJpRJL3vsgcfp4Qnsio=
golang.org/x/sync v0.0.0-20210220032951-036812b2e83c/go.mod h1:RxMgew5VJxzue5/jJTE5uejpjVlOe/izrB70Jof72aM=
golang.org/x/sync v0.21.0 h1:HLII4xRRTtCRkxYp4HNFF0Js/Og6q2i++KXbg0gHCwM=
golang.org/x/sync v0.21.0/go.mod h1:9xrNwdLfx4jkKbNva9FpL6vEN7evnE43NNNJQ2LF3+0=
golang.org/x/sys v0.46.0 h1:noSf2Fq6F8DBgS+LysIkx7rIExoNHJsxOAtPp4rthXw=
golang.org/x/sys v0.46.0/go.mod h1:4GL1E5IUh+htKOUEOaiffhrAeqysfVGipDYzABqnCmw=
golang.org/x/text v0.38.0 h1:sXmwo9DwP3OK9EZ7PqAdaooSGozfl/3a6/xJcbzPRhE=
golang.org/x/text v0.38.0/go.mod h1:YXZt3QhHUKYT53r2lLKFIVi6Ao1jdzrTR/KQ09qyxF4=
gopkg.in/yaml.v3 v3.0.1 h1:fxVm/GzAzEWqLHuvctI91KS9hhNmmWOoWu0XTYJS7CA=
gopkg.in/yaml.v3 v3.0.1/go.mod h1:K4uyk7z7BCEPqu6E+C64Yfv1cQ7kz7rIZviUmN+EgEM=
